
Microsoft Visual Studio Solution File, Format Version 12.00
# Visual Studio Version 17
VisualStudioVersion = 17.14.36414.22
MinimumVisualStudioVersion = 10.0.40219.1
Project("{F184B08F-C81C-45F6-A57F-5ABD9991F28F}") = "VBA_DDF_INFO", "VBA_DDF_INFO.vbproj", "{713406E0-44C4-4DDD-846D-4050A58EF422}"
EndProject
Global
	GlobalSection(SolutionConfigurationPlatforms) = preSolution
		Debug|Any CPU = Debug|Any CPU
		Debug|x64 = Debug|x64
		Debug|x86 = Debug|x86
		Release|Any CPU = Release|Any CPU
		Release|x64 = Release|x64
		Release|x86 = Release|x86
	EndGlobalSection
	GlobalSection(ProjectConfigurationPlatforms) = postSolution
		{713406E0-44C4-4DDD-846D-4050A58EF422}.Debug|Any CPU.ActiveCfg = Debug|Any CPU
		{713406E0-44C4-4DDD-846D-4050A58EF422}.Debug|Any CPU.Build.0 = Debug|Any CPU
		{713406E0-44C4-4DDD-846D-4050A58EF422}.Debug|x64.ActiveCfg = Debug|x64
		{713406E0-44C4-4DDD-846D-4050A58EF422}.Debug|x64.Build.0 = Debug|x64
		{713406E0-44C4-4DDD-846D-4050A58EF422}.Debug|x86.ActiveCfg = Debug|x86
		{713406E0-44C4-4DDD-846D-4050A58EF422}.Debug|x86.Build.0 = Debug|x86
		{713406E0-44C4-4DDD-846D-4050A58EF422}.Release|Any CPU.ActiveCfg = Release|Any CPU
		{713406E0-44C4-4DDD-846D-4050A58EF422}.Release|Any CPU.Build.0 = Release|Any CPU
		{713406E0-44C4-4DDD-846D-4050A58EF422}.Release|x64.ActiveCfg = Release|x64
		{713406E0-44C4-4DDD-846D-4050A58EF422}.Release|x64.Build.0 = Release|x64
		{713406E0-44C4-4DDD-846D-4050A58EF422}.Release|x86.ActiveCfg = Release|x86
		{713406E0-44C4-4DDD-846D-4050A58EF422}.Release|x86.Build.0 = Release|x86
	EndGlobalSection
	GlobalSection(SolutionProperties) = preSolution
		HideSolutionNode = FALSE
	EndGlobalSection
	GlobalSection(ExtensibilityGlobals) = postSolution
		SolutionGuid = {51F6535B-E009-407C-9BB5-145E1A59B3EE}
	EndGlobalSection
EndGlobal
